# This file is automatically @generated by Cargo.
# It is not intended for manual editing.
[[package]]
name = "libc"
version = "0.2.71"
source = "registry+https://github.com/rust-lang/crates.io-index"

[[package]]
name = "libpulse-binding"
version = "2.16.0"
source = "registry+https://github.com/rust-lang/crates.io-index"
dependencies = [
 "libc 0.2.71 (registry+https://github.com/rust-lang/crates.io-index)",
 "libpulse-sys 1.13.0 (registry+https://github.com/rust-lang/crates.io-index)",
 "winapi 0.3.8 (registry+https://github.com/rust-lang/crates.io-index)",
]

[[package]]
name = "libpulse-simple-binding"
version = "2.16.0"
source = "registry+https://github.com/rust-lang/crates.io-index"
dependencies = [
 "libpulse-binding 2.16.0 (registry+https://github.com/rust-lang/crates.io-index)",
 "libpulse-simple-sys 1.13.0 (registry+https://github.com/rust-lang/crates.io-index)",
 "libpulse-sys 1.13.0 (registry+https://github.com/rust-lang/crates.io-index)",
]

[[package]]
name = "libpulse-simple-sys"
version = "1.13.0"
source = "registry+https://github.com/rust-lang/crates.io-index"
dependencies = [
 "libpulse-sys 1.13.0 (registry+https://github.com/rust-lang/crates.io-index)",
 "pkg-config 0.3.17 (registry+https://github.com/rust-lang/crates.io-index)",
]

[[package]]
name = "libpulse-sys"
version = "1.13.0"
source = "registry+https://github.com/rust-lang/crates.io-index"
dependencies = [
 "libc 0.2.71 (registry+https://github.com/rust-lang/crates.io-index)",
 "pkg-config 0.3.17 (registry+https://github.com/rust-lang/crates.io-index)",
 "winapi 0.3.8 (registry+https://github.com/rust-lang/crates.io-index)",
]

[[package]]
name = "onkyo"
version = "0.1.0"
dependencies = [
 "libpulse-binding 2.16.0 (registry+https://github.com/rust-lang/crates.io-index)",
 "libpulse-simple-binding 2.16.0 (registry+https://github.com/rust-lang/crates.io-index)",
]

[[package]]
name = "pkg-config"
version = "0.3.17"
source = "registry+https://github.com/rust-lang/crates.io-index"

[[package]]
name = "winapi"
version = "0.3.8"
source = "registry+https://github.com/rust-lang/crates.io-index"
dependencies = [
 "winapi-i686-pc-windows-gnu 0.4.0 (registry+https://github.com/rust-lang/crates.io-index)",
 "winapi-x86_64-pc-windows-gnu 0.4.0 (registry+https://github.com/rust-lang/crates.io-index)",
]

[[package]]
name = "winapi-i686-pc-windows-gnu"
version = "0.4.0"
source = "registry+https://github.com/rust-lang/crates.io-index"

[[package]]
name = "winapi-x86_64-pc-windows-gnu"
version = "0.4.0"
source = "registry+https://github.com/rust-lang/crates.io-index"

[metadata]
"checksum libc 0.2.71 (registry+https://github.com/rust-lang/crates.io-index)" = "9457b06509d27052635f90d6466700c65095fdf75409b3fbdd903e988b886f49"
"checksum libpulse-binding 2.16.0 (registry+https://github.com/rust-lang/crates.io-index)" = "35b35c3c377b537d044107ff0830b4e5ae32a5c106289977a04b3387a143e994"
"checksum libpulse-simple-binding 2.16.0 (registry+https://github.com/rust-lang/crates.io-index)" = "a4ef3ce750cdbce60fc96aac1f6dad84d67419d2307a05a27b73700f1f5d33e0"
"checksum libpulse-simple-sys 1.13.0 (registry+https://github.com/rust-lang/crates.io-index)" = "88d5e2cc71fee20c6ce410f3cc7430f067d5c63a5c3b11ea7e45cce1bfae19bd"
"checksum libpulse-sys 1.13.0 (registry+https://github.com/rust-lang/crates.io-index)" = "b4c5aecc8dd651c60c212267ef9599a6be8765e63509816695f96a91b1e06151"
"checksum pkg-config 0.3.17 (registry+https://github.com/rust-lang/crates.io-index)" = "05da548ad6865900e60eaba7f589cc0783590a92e940c26953ff81ddbab2d677"
"checksum winapi 0.3.8 (registry+https://github.com/rust-lang/crates.io-index)" = "8093091eeb260906a183e6ae1abdba2ef5ef2257a21801128899c3fc699229c6"
"checksum winapi-i686-pc-windows-gnu 0.4.0 (registry+https://github.com/rust-lang/crates.io-index)" = "ac3b87c63620426dd9b991e5ce0329eff545bccbbb34f3be09ff6fb6ab51b7b6"
"checksum winapi-x86_64-pc-windows-gnu 0.4.0 (registry+https://github.com/rust-lang/crates.io-index)" = "712e227841d057c1ee1cd2fb22fa7e5a5461ae8e48fa2ca79ec42cfc1931183f"
